// !$*UTF8*$!
{
	archiveVersion = 1;
	classes = {
	};
	objectVersion = 55;
	objects = {

/* Begin PBXBuildFile section */
		F2A8D54827E5052700DF41C2 /* AppDelegate.swift in Sources */ = {isa = PBXBuildFile; fileRef = F2A8D54727E5052700DF41C2 /* AppDelegate.swift */; };
		F2A8D54A27E5052700DF41C2 /* SceneDelegate.swift in Sources */ = {isa = PBXBuildFile; fileRef = F2A8D54927E5052700DF41C2 /* SceneDelegate.swift */; };
		F2A8D54C27E5052700DF41C2 /* HomePageViewController.swift in Sources */ = {isa = PBXBuildFile; fileRef = F2A8D54B27E5052700DF41C2 /* HomePageViewController.swift */; };
		F2A8D55127E5052800DF41C2 /* Assets.xcassets in Resources */ = {isa = PBXBuildFile; fileRef = F2A8D55027E5052800DF41C2 /* Assets.xcassets */; };
		F2A8D55427E5052800DF41C2 /* LaunchScreen.storyboard in Resources */ = {isa = PBXBuildFile; fileRef = F2A8D55227E5052800DF41C2 /* LaunchScreen.storyboard */; };
		F2A8D55F27E5052900DF41C2 /* _0___Tests.swift in Sources */ = {isa = PBXBuildFile; fileRef = F2A8D55E27E5052900DF41C2 /* _0___Tests.swift */; };
		F2A8D56927E5052900DF41C2 /* _0___UITests.swift in Sources */ = {isa = PBXBuildFile; fileRef = F2A8D56827E5052900DF41C2 /* _0___UITests.swift */; };
		F2A8D57627E5072500DF41C2 /* FrameModel.swift in Sources */ = {isa = PBXBuildFile; fileRef = F2A8D57527E5072500DF41C2 /* FrameModel.swift */; };
		F2A8D57827E507E100DF41C2 /* HomePageCollectionViewCell.swift in Sources */ = {isa = PBXBuildFile; fileRef = F2A8D57727E507E100DF41C2 /* HomePageCollectionViewCell.swift */; };
		F2A8D57A27E50ADE00DF41C2 /* Tone.swift in Sources */ = {isa = PBXBuildFile; fileRef = F2A8D57927E50ADE00DF41C2 /* Tone.swift */; };
/* End PBXBuildFile section */

/* Begin PBXContainerItemProxy section */
		F2A8D55B27E5052900DF41C2 /* PBXContainerItemProxy */ = {
			isa = PBXContainerItemProxy;
			containerPortal = F2A8D53C27E5052700DF41C2 /* Project object */;
			proxyType = 1;
			remoteGlobalIDString = F2A8D54327E5052700DF41C2;
			remoteInfo = "50音練習";
		};
		F2A8D56527E5052900DF41C2 /* PBXContainerItemProxy */ = {
			isa = PBXContainerItemProxy;
			containerPortal = F2A8D53C27E5052700DF41C2 /* Project object */;
			proxyType = 1;
			remoteGlobalIDString = F2A8D54327E5052700DF41C2;
			remoteInfo = "50音練習";
		};
/* End PBXContainerItemProxy section */

/* Begin PBXFileReference section */
		F2A8D54427E5052700DF41C2 /* 50音練習.app */ = {isa = PBXFileReference; explicitFileType = wrapper.application; includeInIndex = 0; path = "50音練習.app"; sourceTree = BUILT_PRODUCTS_DIR; };
		F2A8D54727E5052700DF41C2 /* AppDelegate.swift */ = {isa = PBXFileReference; lastKnownFileType = sourcecode.swift; path = AppDelegate.swift; sourceTree = "<group>"; };
		F2A8D54927E5052700DF41C2 /* SceneDelegate.swift */ = {isa = PBXFileReference; lastKnownFileType = sourcecode.swift; path = SceneDelegate.swift; sourceTree = "<group>"; };
		F2A8D54B27E5052700DF41C2 /* HomePageViewController.swift */ = {isa = PBXFileReference; lastKnownFileType = sourcecode.swift; path = HomePageViewController.swift; sourceTree = "<group>"; };
		F2A8D55027E5052800DF41C2 /* Assets.xcassets */ = {isa = PBXFileReference; lastKnownFileType = folder.assetcatalog; path = Assets.xcassets; sourceTree = "<group>"; };
		F2A8D55327E5052800DF41C2 /* Base */ = {isa = PBXFileReference; lastKnownFileType = file.storyboard; name = Base; path = Base.lproj/LaunchScreen.storyboard; sourceTree = "<group>"; };
		F2A8D55527E5052800DF41C2 /* Info.plist */ = {isa = PBXFileReference; lastKnownFileType = text.plist.xml; path = Info.plist; sourceTree = "<group>"; };
		F2A8D55A27E5052900DF41C2 /* 50音練習Tests.xctest */ = {isa = PBXFileReference; explicitFileType = wrapper.cfbundle; includeInIndex = 0; path = "50音練習Tests.xctest"; sourceTree = BUILT_PRODUCTS_DIR; };
		F2A8D55E27E5052900DF41C2 /* _0___Tests.swift */ = {isa = PBXFileReference; lastKnownFileType = sourcecode.swift; path = "_0___Tests.swift"; sourceTree = "<group>"; };
		F2A8D56427E5052900DF41C2 /* 50音練習UITests.xctest */ = {isa = PBXFileReference; explicitFileType = wrapper.cfbundle; includeInIndex = 0; path = "50音練習UITests.xctest"; sourceTree = BUILT_PRODUCTS_DIR; };
		F2A8D56827E5052900DF41C2 /* _0___UITests.swift */ = {isa = PBXFileReference; lastKnownFileType = sourcecode.swift; path = "_0___UITests.swift"; sourceTree = "<group>"; };
		F2A8D57527E5072500DF41C2 /* FrameModel.swift */ = {isa = PBXFileReference; lastKnownFileType = sourcecode.swift; path = FrameModel.swift; sourceTree = "<group>"; };
		F2A8D57727E507E100DF41C2 /* HomePageCollectionViewCell.swift */ = {isa = PBXFileReference; lastKnownFileType = sourcecode.swift; path = HomePageCollectionViewCell.swift; sourceTree = "<group>"; };
		F2A8D57927E50ADE00DF41C2 /* Tone.swift */ = {isa = PBXFileReference; lastKnownFileType = sourcecode.swift; path = Tone.swift; sourceTree = "<group>"; };
/* End PBXFileReference section */

/* Begin PBXFrameworksBuildPhase section */
		F2A8D54127E5052700DF41C2 /* Frameworks */ = {
			isa = PBXFrameworksBuildPhase;
			buildActionMask = 2147483647;
			files = (
			);
			runOnlyForDeploymentPostprocessing = 0;
		};
		F2A8D55727E5052900DF41C2 /* Frameworks */ = {
			isa = PBXFrameworksBuildPhase;
			buildActionMask = 2147483647;
			files = (
			);
			runOnlyForDeploymentPostprocessing = 0;
		};
		F2A8D56127E5052900DF41C2 /* Frameworks */ = {
			isa = PBXFrameworksBuildPhase;
			buildActionMask = 2147483647;
			files = (
			);
			runOnlyForDeploymentPostprocessing = 0;
		};
/* End PBXFrameworksBuildPhase section */

/* Begin PBXGroup section */
		F2A8D53B27E5052700DF41C2 = {
			isa = PBXGroup;
			children = (
				F2A8D54627E5052700DF41C2 /* 50音練習 */,
				F2A8D55D27E5052900DF41C2 /* 50音練習Tests */,
				F2A8D56727E5052900DF41C2 /* 50音練習UITests */,
				F2A8D54527E5052700DF41C2 /* Products */,
			);
			sourceTree = "<group>";
		};
		F2A8D54527E5052700DF41C2 /* Products */ = {
			isa = PBXGroup;
			children = (
				F2A8D54427E5052700DF41C2 /* 50音練習.app */,
				F2A8D55A27E5052900DF41C2 /* 50音練習Tests.xctest */,
				F2A8D56427E5052900DF41C2 /* 50音練習UITests.xctest */,
			);
			name = Products;
			sourceTree = "<group>";
		};
		F2A8D54627E5052700DF41C2 /* 50音練習 */ = {
			isa = PBXGroup;
			children = (
				F2A8D54727E5052700DF41C2 /* AppDelegate.swift */,
				F2A8D54927E5052700DF41C2 /* SceneDelegate.swift */,
				F2A8D54B27E5052700DF41C2 /* HomePageViewController.swift */,
				F2A8D57727E507E100DF41C2 /* HomePageCollectionViewCell.swift */,
				F2A8D55027E5052800DF41C2 /* Assets.xcassets */,
				F2A8D55227E5052800DF41C2 /* LaunchScreen.storyboard */,
				F2A8D55527E5052800DF41C2 /* Info.plist */,
				F2A8D57527E5072500DF41C2 /* FrameModel.swift */,
				F2A8D57927E50ADE00DF41C2 /* Tone.swift */,
			);
			path = "50音練習";
			sourceTree = "<group>";
		};
		F2A8D55D27E5052900DF41C2 /* 50音練習Tests */ = {
			isa = PBXGroup;
			children = (
				F2A8D55E27E5052900DF41C2 /* _0___Tests.swift */,
			);
			path = "50音練習Tests";
			sourceTree = "<group>";
		};
		F2A8D56727E5052900DF41C2 /* 50音練習UITests */ = {
			isa = PBXGroup;
			children = (
				F2A8D56827E5052900DF41C2 /* _0___UITests.swift */,
			);
			path = "50音練習UITests";
			sourceTree = "<group>";
		};
/* End PBXGroup section */

/* Begin PBXNativeTarget section */
		F2A8D54327E5052700DF41C2 /* 50音練習 */ = {
			isa = PBXNativeTarget;
			buildConfigurationList = F2A8D56C27E5052900DF41C2 /* Build configuration list for PBXNativeTarget "50音練習" */;
			buildPhases = (
				F2A8D54027E5052700DF41C2 /* Sources */,
				F2A8D54127E5052700DF41C2 /* Frameworks */,
				F2A8D54227E5052700DF41C2 /* Resources */,
			);
			buildRules = (
			);
			dependencies = (
			);
			name = "50音練習";
			productName = "50音練習";
			productReference = F2A8D54427E5052700DF41C2 /* 50音練習.app */;
			productType = "com.apple.product-type.application";
		};
		F2A8D55927E5052900DF41C2 /* 50音練習Tests */ = {
			isa = PBXNativeTarget;
			buildConfigurationList = F2A8D56F27E5052900DF41C2 /* Build configuration list for PBXNativeTarget "50音練習Tests" */;
			buildPhases = (
				F2A8D55627E5052900DF41C2 /* Sources */,
				F2A8D55727E5052900DF41C2 /* Frameworks */,
				F2A8D55827E5052900DF41C2 /* Resources */,
			);
			buildRules = (
			);
			dependencies = (
				F2A8D55C27E5052900DF41C2 /* PBXTargetDependency */,
			);
			name = "50音練習Tests";
			productName = "50音練習Tests";
			productReference = F2A8D55A27E5052900DF41C2 /* 50音練習Tests.xctest */;
			productType = "com.apple.product-type.bundle.unit-test";
		};
		F2A8D56327E5052900DF41C2 /* 50音練習UITests */ = {
			isa = PBXNativeTarget;
			buildConfigurationList = F2A8D57227E5052900DF41C2 /* Build configuration list for PBXNativeTarget "50音練習UITests" */;
			buildPhases = (
				F2A8D56027E5052900DF41C2 /* Sources */,
				F2A8D56127E5052900DF41C2 /* Frameworks */,
				F2A8D56227E5052900DF41C2 /* Resources */,
			);
			buildRules = (
			);
			dependencies = (
				F2A8D56627E5052900DF41C2 /* PBXTargetDependency */,
			);
			name = "50音練習UITests";
			productName = "50音練習UITests";
			productReference = F2A8D56427E5052900DF41C2 /* 50音練習UITests.xctest */;
			productType = "com.apple.product-type.bundle.ui-testing";
		};
/* End PBXNativeTarget section */

/* Begin PBXProject section */
		F2A8D53C27E5052700DF41C2 /* Project object */ = {
			isa = PBXProject;
			attributes = {
				BuildIndependentTargetsInParallel = 1;
				LastSwiftUpdateCheck = 1300;
				LastUpgradeCheck = 1300;
				TargetAttributes = {
					F2A8D54327E5052700DF41C2 = {
						CreatedOnToolsVersion = 13.0;
					};
					F2A8D55927E5052900DF41C2 = {
						CreatedOnToolsVersion = 13.0;
						TestTargetID = F2A8D54327E5052700DF41C2;
					};
					F2A8D56327E5052900DF41C2 = {
						CreatedOnToolsVersion = 13.0;
						TestTargetID = F2A8D54327E5052700DF41C2;
					};
				};
			};
			buildConfigurationList = F2A8D53F27E5052700DF41C2 /* Build configuration list for PBXProject "50音練習" */;
			compatibilityVersion = "Xcode 13.0";
			developmentRegion = en;
			hasScannedForEncodings = 0;
			knownRegions = (
				en,
				Base,
			);
			mainGroup = F2A8D53B27E5052700DF41C2;
			productRefGroup = F2A8D54527E5052700DF41C2 /* Products */;
			projectDirPath = "";
			projectRoot = "";
			targets = (
				F2A8D54327E5052700DF41C2 /* 50音練習 */,
				F2A8D55927E5052900DF41C2 /* 50音練習Tests */,
				F2A8D56327E5052900DF41C2 /* 50音練習UITests */,
			);
		};
/* End PBXProject section */

/* Begin PBXResourcesBuildPhase section */
		F2A8D54227E5052700DF41C2 /* Resources */ = {
			isa = PBXResourcesBuildPhase;
			buildActionMask = 2147483647;
			files = (
				F2A8D55427E5052800DF41C2 /* LaunchScreen.storyboard in Resources */,
				F2A8D55127E5052800DF41C2 /* Assets.xcassets in Resources */,
			);
			runOnlyForDeploymentPostprocessing = 0;
		};
		F2A8D55827E5052900DF41C2 /* Resources */ = {
			isa = PBXResourcesBuildPhase;
			buildActionMask = 2147483647;
			files = (
			);
			runOnlyForDeploymentPostprocessing = 0;
		};
		F2A8D56227E5052900DF41C2 /* Resources */ = {
			isa = PBXResourcesBuildPhase;
			buildActionMask = 2147483647;
			files = (
			);
			runOnlyForDeploymentPostprocessing = 0;
		};
/* End PBXResourcesBuildPhase section */

/* Begin PBXSourcesBuildPhase section */
		F2A8D54027E5052700DF41C2 /* Sources */ = {
			isa = PBXSourcesBuildPhase;
			buildActionMask = 2147483647;
			files = (
				F2A8D54C27E5052700DF41C2 /* HomePageViewController.swift in Sources */,
				F2A8D57A27E50ADE00DF41C2 /* Tone.swift in Sources */,
				F2A8D57627E5072500DF41C2 /* FrameModel.swift in Sources */,
				F2A8D54827E5052700DF41C2 /* AppDelegate.swift in Sources */,
				F2A8D57827E507E100DF41C2 /* HomePageCollectionViewCell.swift in Sources */,
				F2A8D54A27E5052700DF41C2 /* SceneDelegate.swift in Sources */,
			);
			runOnlyForDeploymentPostprocessing = 0;
		};
		F2A8D55627E5052900DF41C2 /* Sources */ = {
			isa = PBXSourcesBuildPhase;
			buildActionMask = 2147483647;
			files = (
				F2A8D55F27E5052900DF41C2 /* _0___Tests.swift in Sources */,
			);
			runOnlyForDeploymentPostprocessing = 0;
		};
		F2A8D56027E5052900DF41C2 /* Sources */ = {
			isa = PBXSourcesBuildPhase;
			buildActionMask = 2147483647;
			files = (
				F2A8D56927E5052900DF41C2 /* _0___UITests.swift in Sources */,
			);
			runOnlyForDeploymentPostprocessing = 0;
		};
/* End PBXSourcesBuildPhase section */

/* Begin PBXTargetDependency section */
		F2A8D55C27E5052900DF41C2 /* PBXTargetDependency */ = {
			isa = PBXTargetDependency;
			target = F2A8D54327E5052700DF41C2 /* 50音練習 */;
			targetProxy = F2A8D55B27E5052900DF41C2 /* PBXContainerItemProxy */;
		};
		F2A8D56627E5052900DF41C2 /* PBXTargetDependency */ = {
			isa = PBXTargetDependency;
			target = F2A8D54327E5052700DF41C2 /* 50音練習 */;
			targetProxy = F2A8D56527E5052900DF41C2 /* PBXContainerItemProxy */;
		};
/* End PBXTargetDependency section */

/* Begin PBXVariantGroup section */
		F2A8D55227E5052800DF41C2 /* LaunchScreen.storyboard */ = {
			isa = PBXVariantGroup;
			children = (
				F2A8D55327E5052800DF41C2 /* Base */,
			);
			name = LaunchScreen.storyboard;
			sourceTree = "<group>";
		};
/* End PBXVariantGroup section */

/* Begin XCBuildConfiguration section */
		F2A8D56A27E5052900DF41C2 /* Debug */ = {
			isa = XCBuildConfiguration;
			buildSettings = {
				ALWAYS_SEARCH_USER_PATHS = NO;
				CLANG_ANALYZER_NONNULL = YES;
				CLANG_ANALYZER_NUMBER_OBJECT_CONVERSION = YES_AGGRESSIVE;
				CLANG_CXX_LANGUAGE_STANDARD = "gnu++17";
				CLANG_CXX_LIBRARY = "libc++";
				CLANG_ENABLE_MODULES = YES;
				CLANG_ENABLE_OBJC_ARC = YES;
				CLANG_ENABLE_OBJC_WEAK = YES;
				CLANG_WARN_BLOCK_CAPTURE_AUTORELEASING = YES;
				CLANG_WARN_BOOL_CONVERSION = YES;
				CLANG_WARN_COMMA = YES;
				CLANG_WARN_CONSTANT_CONVERSION = YES;
				CLANG_WARN_DEPRECATED_OBJC_IMPLEMENTATIONS = YES;
				CLANG_WARN_DIRECT_OBJC_ISA_USAGE = YES_ERROR;
				CLANG_WARN_DOCUMENTATION_COMMENTS = YES;
				CLANG_WARN_EMPTY_BODY = YES;
				CLANG_WARN_ENUM_CONVERSION = YES;
				CLANG_WARN_INFINITE_RECURSION = YES;
				CLANG_WARN_INT_CONVERSION = YES;
				CLANG_WARN_NON_LITERAL_NULL_CONVERSION = YES;
				CLANG_WARN_OBJC_IMPLICIT_RETAIN_SELF = YES;
				CLANG_WARN_OBJC_LITERAL_CONVERSION = YES;
				CLANG_WARN_OBJC_ROOT_CLASS = YES_ERROR;
				CLANG_WARN_QUOTED_INCLUDE_IN_FRAMEWORK_HEADER = YES;
				CLANG_WARN_RANGE_LOOP_ANALYSIS = YES;
				CLANG_WARN_STRICT_PROTOTYPES = YES;
				CLANG_WARN_SUSPICIOUS_MOVE = YES;
				CLANG_WARN_UNGUARDED_AVAILABILITY = YES_AGGRESSIVE;
				CLANG_WARN_UNREACHABLE_CODE = YES;
				CLANG_WARN__DUPLICATE_METHOD_MATCH = YES;
				COPY_PHASE_STRIP = NO;
				DEBUG_INFORMATION_FORMAT = dwarf;
				ENABLE_STRICT_OBJC_MSGSEND = YES;
				ENABLE_TESTABILITY = YES;
				GCC_C_LANGUAGE_STANDARD = gnu11;
				GCC_DYNAMIC_NO_PIC = NO;
				GCC_NO_COMMON_BLOCKS = YES;
				GCC_OPTIMIZATION_LEVEL = 0;
				GCC_PREPROCESSOR_DEFINITIONS = (
					"DEBUG=1",
					"$(inherited)",
				);
				GCC_WARN_64_TO_32_BIT_CONVERSION = YES;
				GCC_WARN_ABOUT_RETURN_TYPE = YES_ERROR;
				GCC_WARN_UNDECLARED_SELECTOR = YES;
				GCC_WARN_UNINITIALIZED_AUTOS = YES_AGGRESSIVE;
				GCC_WARN_UNUSED_FUNCTION = YES;
				GCC_WARN_UNUSED_VARIABLE = YES;
				IPHONEOS_DEPLOYMENT_TARGET = 15.0;
				MTL_ENABLE_DEBUG_INFO = INCLUDE_SOURCE;
				MTL_FAST_MATH = YES;
				ONLY_ACTIVE_ARCH = YES;
				SDKROOT = iphoneos;
				SWIFT_ACTIVE_COMPILATION_CONDITIONS = DEBUG;
				SWIFT_OPTIMIZATION_LEVEL = "-Onone";
			};
			name = Debug;
		};
		F2A8D56B27E5052900DF41C2 /* Release */ = {
			isa = XCBuildConfiguration;
			buildSettings = {
				ALWAYS_SEARCH_USER_PATHS = NO;
				CLANG_ANALYZER_NONNULL = YES;
				CLANG_ANALYZER_NUMBER_OBJECT_CONVERSION = YES_AGGRESSIVE;
				CLANG_CXX_LANGUAGE_STANDARD = "gnu++17";
				CLANG_CXX_LIBRARY = "libc++";
				CLANG_ENABLE_MODULES = YES;
				CLANG_ENABLE_OBJC_ARC = YES;
				CLANG_ENABLE_OBJC_WEAK = YES;
				CLANG_WARN_BLOCK_CAPTURE_AUTORELEASING = YES;
				CLANG_WARN_BOOL_CONVERSION = YES;
				CLANG_WARN_COMMA = YES;
				CLANG_WARN_CONSTANT_CONVERSION = YES;
				CLANG_WARN_DEPRECATED_OBJC_IMPLEMENTATIONS = YES;
				CLANG_WARN_DIRECT_OBJC_ISA_USAGE = YES_ERROR;
				CLANG_WARN_DOCUMENTATION_COMMENTS = YES;
				CLANG_WARN_EMPTY_BODY = YES;
				CLANG_WARN_ENUM_CONVERSION = YES;
				CLANG_WARN_INFINITE_RECURSION = YES;
				CLANG_WARN_INT_CONVERSION = YES;
				CLANG_WARN_NON_LITERAL_NULL_CONVERSION = YES;
				CLANG_WARN_OBJC_IMPLICIT_RETAIN_SELF = YES;
				CLANG_WARN_OBJC_LITERAL_CONVERSION = YES;
				CLANG_WARN_OBJC_ROOT_CLASS = YES_ERROR;
				CLANG_WARN_QUOTED_INCLUDE_IN_FRAMEWORK_HEADER = YES;
				CLANG_WARN_RANGE_LOOP_ANALYSIS = YES;
				CLANG_WARN_STRICT_PROTOTYPES = YES;
				CLANG_WARN_SUSPICIOUS_MOVE = YES;
				CLANG_WARN_UNGUARDED_AVAILABILITY = YES_AGGRESSIVE;
				CLANG_WARN_UNREACHABLE_CODE = YES;
				CLANG_WARN__DUPLICATE_METHOD_MATCH = YES;
				COPY_PHASE_STRIP = NO;
				DEBUG_INFORMATION_FORMAT = "dwarf-with-dsym";
				ENABLE_NS_ASSERTIONS = NO;
				ENABLE_STRICT_OBJC_MSGSEND = YES;
				GCC_C_LANGUAGE_STANDARD = gnu11;
				GCC_NO_COMMON_BLOCKS = YES;
				GCC_WARN_64_TO_32_BIT_CONVERSION = YES;
				GCC_WARN_ABOUT_RETURN_TYPE = YES_ERROR;
				GCC_WARN_UNDECLARED_SELECTOR = YES;
				GCC_WARN_UNINITIALIZED_AUTOS = YES_AGGRESSIVE;
				GCC_WARN_UNUSED_FUNCTION = YES;
				GCC_WARN_UNUSED_VARIABLE = YES;
				IPHONEOS_DEPLOYMENT_TARGET = 15.0;
				MTL_ENABLE_DEBUG_INFO = NO;
				MTL_FAST_MATH = YES;
				SDKROOT = iphoneos;
				SWIFT_COMPILATION_MODE = wholemodule;
				SWIFT_OPTIMIZATION_LEVEL = "-O";
				VALIDATE_PRODUCT = YES;
			};
			name = Release;
		};
		F2A8D56D27E5052900DF41C2 /* Debug */ = {
			isa = XCBuildConfiguration;
			buildSettings = {
				ASSETCATALOG_COMPILER_APPICON_NAME = AppIcon;
				ASSETCATALOG_COMPILER_GLOBAL_ACCENT_COLOR_NAME = AccentColor;
				CODE_SIGN_STYLE = Automatic;
				CURRENT_PROJECT_VERSION = 1;
				DEVELOPMENT_TEAM = QNX4TMYK85;
				GENERATE_INFOPLIST_FILE = YES;
				INFOPLIST_FILE = "50音練習/Info.plist";
				INFOPLIST_KEY_UIApplicationSupportsIndirectInputEvents = YES;
				INFOPLIST_KEY_UILaunchStoryboardName = LaunchScreen;
				INFOPLIST_KEY_UISupportedInterfaceOrientations_iPad = "UIInterfaceOrientationPortrait UIInterfaceOrientationPortraitUpsideDown UIInterfaceOrientationLandscapeLeft UIInterfaceOrientationLandscapeRight";
				INFOPLIST_KEY_UISupportedInterfaceOrientations_iPhone = "UIInterfaceOrientationPortrait UIInterfaceOrientationLandscapeLeft UIInterfaceOrientationLandscapeRight";
				LD_RUNPATH_SEARCH_PATHS = (
					"$(inherited)",
					"@executable_path/Frameworks",
				);
				MARKETING_VERSION = 1.0;
				PRODUCT_BUNDLE_IDENTIFIER = "company.50.-0---";
				PRODUCT_NAME = "$(TARGET_NAME)";
				SWIFT_EMIT_LOC_STRINGS = YES;
				SWIFT_VERSION = 5.0;
				TARGETED_DEVICE_FAMILY = "1,2";
			};
			name = Debug;
		};
		F2A8D56E27E5052900DF41C2 /* Release */ = {
			isa = XCBuildConfiguration;
			buildSettings = {
				ASSETCATALOG_COMPILER_APPICON_NAME = AppIcon;
				ASSETCATALOG_COMPILER_GLOBAL_ACCENT_COLOR_NAME = AccentColor;
				CODE_SIGN_STYLE = Automatic;
				CURRENT_PROJECT_VERSION = 1;
				DEVELOPMENT_TEAM = QNX4TMYK85;
				GENERATE_INFOPLIST_FILE = YES;
				INFOPLIST_FILE = "50音練習/Info.plist";
				INFOPLIST_KEY_UIApplicationSupportsIndirectInputEvents = YES;
				INFOPLIST_KEY_UILaunchStoryboardName = LaunchScreen;
				INFOPLIST_KEY_UISupportedInterfaceOrientations_iPad = "UIInterfaceOrientationPortrait UIInterfaceOrientationPortraitUpsideDown UIInterfaceOrientationLandscapeLeft UIInterfaceOrientationLandscapeRight";
				INFOPLIST_KEY_UISupportedInterfaceOrientations_iPhone = "UIInterfaceOrientationPortrait UIInterfaceOrientationLandscapeLeft UIInterfaceOrientationLandscapeRight";
				LD_RUNPATH_SEARCH_PATHS = (
					"$(inherited)",
					"@executable_path/Frameworks",
				);
				MARKETING_VERSION = 1.0;
				PRODUCT_BUNDLE_IDENTIFIER = "company.50.-0---";
				PRODUCT_NAME = "$(TARGET_NAME)";
				SWIFT_EMIT_LOC_STRINGS = YES;
				SWIFT_VERSION = 5.0;
				TARGETED_DEVICE_FAMILY = "1,2";
			};
			name = Release;
		};
		F2A8D57027E5052900DF41C2 /* Debug */ = {
			isa = XCBuildConfiguration;
			buildSettings = {
				ALWAYS_EMBED_SWIFT_STANDARD_LIBRARIES = YES;
				BUNDLE_LOADER = "$(TEST_HOST)";
				CODE_SIGN_STYLE = Automatic;
				CURRENT_PROJECT_VERSION = 1;
				DEVELOPMENT_TEAM = QNX4TMYK85;
				GENERATE_INFOPLIST_FILE = YES;
				IPHONEOS_DEPLOYMENT_TARGET = 15.0;
				LD_RUNPATH_SEARCH_PATHS = (
					"$(inherited)",
					"@executable_path/Frameworks",
					"@loader_path/Frameworks",
				);
				MARKETING_VERSION = 1.0;
				PRODUCT_BUNDLE_IDENTIFIER = "company.50.-0---Tests";
				PRODUCT_NAME = "$(TARGET_NAME)";
				SWIFT_EMIT_LOC_STRINGS = NO;
				SWIFT_VERSION = 5.0;
				TARGETED_DEVICE_FAMILY = "1,2";
				TEST_HOST = "$(BUILT_PRODUCTS_DIR)/50音練習.app/50音練習";
			};
			name = Debug;
		};
		F2A8D57127E5052900DF41C2 /* Release */ = {
			isa = XCBuildConfiguration;
			buildSettings = {
				ALWAYS_EMBED_SWIFT_STANDARD_LIBRARIES = YES;
				BUNDLE_LOADER = "$(TEST_HOST)";
				CODE_SIGN_STYLE = Automatic;
				CURRENT_PROJECT_VERSION = 1;
				DEVELOPMENT_TEAM = QNX4TMYK85;
				GENERATE_INFOPLIST_FILE = YES;
				IPHONEOS_DEPLOYMENT_TARGET = 15.0;
				LD_RUNPATH_SEARCH_PATHS = (
					"$(inherited)",
					"@executable_path/Frameworks",
					"@loader_path/Frameworks",
				);
				MARKETING_VERSION = 1.0;
				PRODUCT_BUNDLE_IDENTIFIER = "company.50.-0---Tests";
				PRODUCT_NAME = "$(TARGET_NAME)";
				SWIFT_EMIT_LOC_STRINGS = NO;
				SWIFT_VERSION = 5.0;
				TARGETED_DEVICE_FAMILY = "1,2";
				TEST_HOST = "$(BUILT_PRODUCTS_DIR)/50音練習.app/50音練習";
			};
			name = Release;
		};
		F2A8D57327E5052900DF41C2 /* Debug */ = {
			isa = XCBuildConfiguration;
			buildSettings = {
				ALWAYS_EMBED_SWIFT_STANDARD_LIBRARIES = YES;
				CODE_SIGN_STYLE = Automatic;
				CURRENT_PROJECT_VERSION = 1;
				DEVELOPMENT_TEAM = QNX4TMYK85;
				GENERATE_INFOPLIST_FILE = YES;
				LD_RUNPATH_SEARCH_PATHS = (
					"$(inherited)",
					"@executable_path/Frameworks",
					"@loader_path/Frameworks",
				);
				MARKETING_VERSION = 1.0;
				PRODUCT_BUNDLE_IDENTIFIER = "company.50.-0---UITests";
				PRODUCT_NAME = "$(TARGET_NAME)";
				SWIFT_EMIT_LOC_STRINGS = NO;
				SWIFT_VERSION = 5.0;
				TARGETED_DEVICE_FAMILY = "1,2";
				TEST_TARGET_NAME = "50音練習";
			};
			name = Debug;
		};
		F2A8D57427E5052900DF41C2 /* Release */ = {
			isa = XCBuildConfiguration;
			buildSettings = {
				ALWAYS_EMBED_SWIFT_STANDARD_LIBRARIES = YES;
				CODE_SIGN_STYLE = Automatic;
				CURRENT_PROJECT_VERSION = 1;
				DEVELOPMENT_TEAM = QNX4TMYK85;
				GENERATE_INFOPLIST_FILE = YES;
				LD_RUNPATH_SEARCH_PATHS = (
					"$(inherited)",
					"@executable_path/Frameworks",
					"@loader_path/Frameworks",
				);
				MARKETING_VERSION = 1.0;
				PRODUCT_BUNDLE_IDENTIFIER = "company.50.-0---UITests";
				PRODUCT_NAME = "$(TARGET_NAME)";
				SWIFT_EMIT_LOC_STRINGS = NO;
				SWIFT_VERSION = 5.0;
				TARGETED_DEVICE_FAMILY = "1,2";
				TEST_TARGET_NAME = "50音練習";
			};
			name = Release;
		};
/* End XCBuildConfiguration section */

/* Begin XCConfigurationList section */
		F2A8D53F27E5052700DF41C2 /* Build configuration list for PBXProject "50音練習" */ = {
			isa = XCConfigurationList;
			buildConfigurations = (
				F2A8D56A27E5052900DF41C2 /* Debug */,
				F2A8D56B27E5052900DF41C2 /* Release */,
			);
			defaultConfigurationIsVisible = 0;
			defaultConfigurationName = Release;
		};
		F2A8D56C27E5052900DF41C2 /* Build configuration list for PBXNativeTarget "50音練習" */ = {
			isa = XCConfigurationList;
			buildConfigurations = (
				F2A8D56D27E5052900DF41C2 /* Debug */,
				F2A8D56E27E5052900DF41C2 /* Release */,
			);
			defaultConfigurationIsVisible = 0;
			defaultConfigurationName = Release;
		};
		F2A8D56F27E5052900DF41C2 /* Build configuration list for PBXNativeTarget "50音練習Tests" */ = {
			isa = XCConfigurationList;
			buildConfigurations = (
				F2A8D57027E5052900DF41C2 /* Debug */,
				F2A8D57127E5052900DF41C2 /* Release */,
			);
			defaultConfigurationIsVisible = 0;
			defaultConfigurationName = Release;
		};
		F2A8D57227E5052900DF41C2 /* Build configuration list for PBXNativeTarget "50音練習UITests" */ = {
			isa = XCConfigurationList;
			buildConfigurations = (
				F2A8D57327E5052900DF41C2 /* Debug */,
				F2A8D57427E5052900DF41C2 /* Release */,
			);
			defaultConfigurationIsVisible = 0;
			defaultConfigurationName = Release;
		};
/* End XCConfigurationList section */
	};
	rootObject = F2A8D53C27E5052700DF41C2 /* Project object */;
}
